
Microsoft Visual Studio Solution File, Format Version 12.00
# Visual Studio Version 17
VisualStudioVersion = 17.12.35521.163 d17.12
MinimumVisualStudioVersion = 10.0.40219.1
Project("{2150E333-8FDC-42A3-9474-1A3956D46DE8}") = "TaskService", "TaskService", "{C3CEA1F1-F1DE-46E3-BB54-4F1BC03140D2}"
EndProject
Project("{2150E333-8FDC-42A3-9474-1A3956D46DE8}") = "ProjectService", "ProjectService", "{100588B6-6FDC-4B02-A45E-936A644599E7}"
EndProject
Project("{FAE04EC0-301F-11D3-BF4B-00C04F79EFBC}") = "Tasks.Api", "TaskService\Task.Api\Tasks.Api.csproj", "{715B3F49-A6BC-4325-B805-2BF85A0903B1}"
EndProject
Project("{FAE04EC0-301F-11D3-BF4B-00C04F79EFBC}") = "Tasks.Application", "TaskService\Task.Application\Tasks.Application.csproj", "{674876C5-E78D-44DC-935D-5513BCFF0FD2}"
EndProject
Project("{FAE04EC0-301F-11D3-BF4B-00C04F79EFBC}") = "Tasks.Core", "TaskService\Task.Core\Tasks.Core.csproj", "{FF3ACE33-66A1-423E-9296-DA85CB339D44}"
EndProject
Project("{FAE04EC0-301F-11D3-BF4B-00C04F79EFBC}") = "Tasks.DataPersistance", "TaskService\Task.DataPersistance\Tasks.DataPersistance.csproj", "{81811EC0-2CC0-420A-8795-74B746C287AC}"
EndProject
Project("{FAE04EC0-301F-11D3-BF4B-00C04F79EFBC}") = "Tasks.Infrastructure", "TaskService\Task.Infrastructure\Tasks.Infrastructure.csproj", "{5D33455A-4376-4A8F-BFD5-3B7F22E1131B}"
EndProject
Project("{FAE04EC0-301F-11D3-BF4B-00C04F79EFBC}") = "Projects.Api", "ProjectService\Projects.Api\Projects.Api.csproj", "{1F46D450-8D5A-4FC9-BE98-6995491E30AC}"
EndProject
Project("{FAE04EC0-301F-11D3-BF4B-00C04F79EFBC}") = "Projects.Application", "ProjectService\Projects.Application\Projects.Application.csproj", "{444F6D12-12B8-479A-90DB-E2B30614FC7D}"
EndProject
Project("{FAE04EC0-301F-11D3-BF4B-00C04F79EFBC}") = "Projects.Core", "ProjectService\Projects.Core\Projects.Core.csproj", "{4A267C1B-444D-477B-8055-DFA8813D4E3F}"
EndProject
Project("{FAE04EC0-301F-11D3-BF4B-00C04F79EFBC}") = "Projects.DataPersistance", "ProjectService\Projects.DataPersistance\Projects.DataPersistance.csproj", "{6FAC2FF7-0A31-4EB6-AD96-213D607859D5}"
EndProject
Project("{FAE04EC0-301F-11D3-BF4B-00C04F79EFBC}") = "Projects.Infrastructure", "ProjectService\Projects.Infrastructure\Projects.Infrastructure.csproj", "{4436986E-2192-4F01-9182-6F3FCCED88DF}"
EndProject
Global
	GlobalSection(SolutionConfigurationPlatforms) = preSolution
		Debug|Any CPU = Debug|Any CPU
		Release|Any CPU = Release|Any CPU
	EndGlobalSection
	GlobalSection(ProjectConfigurationPlatforms) = postSolution
		{715B3F49-A6BC-4325-B805-2BF85A0903B1}.Debug|Any CPU.ActiveCfg = Debug|Any CPU
		{715B3F49-A6BC-4325-B805-2BF85A0903B1}.Debug|Any CPU.Build.0 = Debug|Any CPU
		{715B3F49-A6BC-4325-B805-2BF85A0903B1}.Release|Any CPU.ActiveCfg = Release|Any CPU
		{715B3F49-A6BC-4325-B805-2BF85A0903B1}.Release|Any CPU.Build.0 = Release|Any CPU
		{674876C5-E78D-44DC-935D-5513BCFF0FD2}.Debug|Any CPU.ActiveCfg = Debug|Any CPU
		{674876C5-E78D-44DC-935D-5513BCFF0FD2}.Debug|Any CPU.Build.0 = Debug|Any CPU
		{674876C5-E78D-44DC-935D-5513BCFF0FD2}.Release|Any CPU.ActiveCfg = Release|Any CPU
		{674876C5-E78D-44DC-935D-5513BCFF0FD2}.Release|Any CPU.Build.0 = Release|Any CPU
		{FF3ACE33-66A1-423E-9296-DA85CB339D44}.Debug|Any CPU.ActiveCfg = Debug|Any CPU
		{FF3ACE33-66A1-423E-9296-DA85CB339D44}.Debug|Any CPU.Build.0 = Debug|Any CPU
		{FF3ACE33-66A1-423E-9296-DA85CB339D44}.Release|Any CPU.ActiveCfg = Release|Any CPU
		{FF3ACE33-66A1-423E-9296-DA85CB339D44}.Release|Any CPU.Build.0 = Release|Any CPU
		{81811EC0-2CC0-420A-8795-74B746C287AC}.Debug|Any CPU.ActiveCfg = Debug|Any CPU
		{81811EC0-2CC0-420A-8795-74B746C287AC}.Debug|Any CPU.Build.0 = Debug|Any CPU
		{81811EC0-2CC0-420A-8795-74B746C287AC}.Release|Any CPU.ActiveCfg = Release|Any CPU
		{81811EC0-2CC0-420A-8795-74B746C287AC}.Release|Any CPU.Build.0 = Release|Any CPU
		{5D33455A-4376-4A8F-BFD5-3B7F22E1131B}.Debug|Any CPU.ActiveCfg = Debug|Any CPU
		{5D33455A-4376-4A8F-BFD5-3B7F22E1131B}.Debug|Any CPU.Build.0 = Debug|Any CPU
		{5D33455A-4376-4A8F-BFD5-3B7F22E1131B}.Release|Any CPU.ActiveCfg = Release|Any CPU
		{5D33455A-4376-4A8F-BFD5-3B7F22E1131B}.Release|Any CPU.Build.0 = Release|Any CPU
		{1F46D450-8D5A-4FC9-BE98-6995491E30AC}.Debug|Any CPU.ActiveCfg = Debug|Any CPU
		{1F46D450-8D5A-4FC9-BE98-6995491E30AC}.Debug|Any CPU.Build.0 = Debug|Any CPU
		{1F46D450-8D5A-4FC9-BE98-6995491E30AC}.Release|Any CPU.ActiveCfg = Release|Any CPU
		{1F46D450-8D5A-4FC9-BE98-6995491E30AC}.Release|Any CPU.Build.0 = Release|Any CPU
		{444F6D12-12B8-479A-90DB-E2B30614FC7D}.Debug|Any CPU.ActiveCfg = Debug|Any CPU
		{444F6D12-12B8-479A-90DB-E2B30614FC7D}.Debug|Any CPU.Build.0 = Debug|Any CPU
		{444F6D12-12B8-479A-90DB-E2B30614FC7D}.Release|Any CPU.ActiveCfg = Release|Any CPU
		{444F6D12-12B8-479A-90DB-E2B30614FC7D}.Release|Any CPU.Build.0 = Release|Any CPU
		{4A267C1B-444D-477B-8055-DFA8813D4E3F}.Debug|Any CPU.ActiveCfg = Debug|Any CPU
		{4A267C1B-444D-477B-8055-DFA8813D4E3F}.Debug|Any CPU.Build.0 = Debug|Any CPU
		{4A267C1B-444D-477B-8055-DFA8813D4E3F}.Release|Any CPU.ActiveCfg = Release|Any CPU
		{4A267C1B-444D-477B-8055-DFA8813D4E3F}.Release|Any CPU.Build.0 = Release|Any CPU
		{6FAC2FF7-0A31-4EB6-AD96-213D607859D5}.Debug|Any CPU.ActiveCfg = Debug|Any CPU
		{6FAC2FF7-0A31-4EB6-AD96-213D607859D5}.Debug|Any CPU.Build.0 = Debug|Any CPU
		{6FAC2FF7-0A31-4EB6-AD96-213D607859D5}.Release|Any CPU.ActiveCfg = Release|Any CPU
		{6FAC2FF7-0A31-4EB6-AD96-213D607859D5}.Release|Any CPU.Build.0 = Release|Any CPU
		{4436986E-2192-4F01-9182-6F3FCCED88DF}.Debug|Any CPU.ActiveCfg = Debug|Any CPU
		{4436986E-2192-4F01-9182-6F3FCCED88DF}.Debug|Any CPU.Build.0 = Debug|Any CPU
		{4436986E-2192-4F01-9182-6F3FCCED88DF}.Release|Any CPU.ActiveCfg = Release|Any CPU
		{4436986E-2192-4F01-9182-6F3FCCED88DF}.Release|Any CPU.Build.0 = Release|Any CPU
	EndGlobalSection
	GlobalSection(SolutionProperties) = preSolution
		HideSolutionNode = FALSE
	EndGlobalSection
	GlobalSection(NestedProjects) = preSolution
		{715B3F49-A6BC-4325-B805-2BF85A0903B1} = {C3CEA1F1-F1DE-46E3-BB54-4F1BC03140D2}
		{674876C5-E78D-44DC-935D-5513BCFF0FD2} = {C3CEA1F1-F1DE-46E3-BB54-4F1BC03140D2}
		{FF3ACE33-66A1-423E-9296-DA85CB339D44} = {C3CEA1F1-F1DE-46E3-BB54-4F1BC03140D2}
		{81811EC0-2CC0-420A-8795-74B746C287AC} = {C3CEA1F1-F1DE-46E3-BB54-4F1BC03140D2}
		{5D33455A-4376-4A8F-BFD5-3B7F22E1131B} = {C3CEA1F1-F1DE-46E3-BB54-4F1BC03140D2}
		{1F46D450-8D5A-4FC9-BE98-6995491E30AC} = {100588B6-6FDC-4B02-A45E-936A644599E7}
		{444F6D12-12B8-479A-90DB-E2B30614FC7D} = {100588B6-6FDC-4B02-A45E-936A644599E7}
		{4A267C1B-444D-477B-8055-DFA8813D4E3F} = {100588B6-6FDC-4B02-A45E-936A644599E7}
		{6FAC2FF7-0A31-4EB6-AD96-213D607859D5} = {100588B6-6FDC-4B02-A45E-936A644599E7}
		{4436986E-2192-4F01-9182-6F3FCCED88DF} = {100588B6-6FDC-4B02-A45E-936A644599E7}
	EndGlobalSection
EndGlobal
